
Microsoft Visual Studio Solution File, Format Version 12.00
# Visual Studio Version 17
VisualStudioVersion = 17.13.35931.197 d17.13
MinimumVisualStudioVersion = 10.0.40219.1
Project("{FAE04EC0-301F-11D3-BF4B-00C04F79EFBC}") = "PolymorphismPratik", "PolymorphismPratik\PolymorphismPratik.csproj", "{4AB7CD59-F421-47EE-A98A-C0F434B36591}"
EndProject
Global
	GlobalSection(SolutionConfigurationPlatforms) = preSolution
		Debug|Any CPU = Debug|Any CPU
		Release|Any CPU = Release|Any CPU
	EndGlobalSection
	GlobalSection(ProjectConfigurationPlatforms) = postSolution
		{4AB7CD59-F421-47EE-A98A-C0F434B36591}.Debug|Any CPU.ActiveCfg = Debug|Any CPU
		{4AB7CD59-F421-47EE-A98A-C0F434B36591}.Debug|Any CPU.Build.0 = Debug|Any CPU
		{4AB7CD59-F421-47EE-A98A-C0F434B36591}.Release|Any CPU.ActiveCfg = Release|Any CPU
		{4AB7CD59-F421-47EE-A98A-C0F434B36591}.Release|Any CPU.Build.0 = Release|Any CPU
	EndGlobalSection
	GlobalSection(SolutionProperties) = preSolution
		HideSolutionNode = FALSE
	EndGlobalSection
	GlobalSection(ExtensibilityGlobals) = postSolution
		SolutionGuid = {DC67749C-7FA6-4859-AD03-1050E38416D8}
	EndGlobalSection
EndGlobal
